{
  "requires": true,
  "lockfileVersion": 1,
  "dependencies": {
    "@hmscore/hms-js-base": {
      "version": "6.1.0-300",
      "resolved": "https://registry.npmjs.org/@hmscore/hms-js-base/-/hms-js-base-6.1.0-300.tgz",
      "integrity": "sha512-w2Be2oDYZS8myXazgvGtDFashYh6CoH1t1XaPiaMzFa6+o0x+HxNv8UceUARt7eBq6+H8/87N35qT5Y4I1v6HQ=="
    },
    "@hmscore/hms-jsb-account": {
      "version": "1.0.300",
      "resolved": "https://registry.npmjs.org/@hmscore/hms-jsb-account/-/hms-jsb-account-1.0.300.tgz",
      "integrity": "sha512-s0msCmMyOUd6sT1YOoOgghB9iujGKV5Gtfe9GVTPmUa/loEYebAVPMPGG1WxxaL3q0Q+rMuCM5t4p7q1GVZR7w==",
      "requires": {
        "@hmscore/hms-js-base": "5.2.0-300"
      },
      "dependencies": {
        "@hmscore/hms-js-base": {
          "version": "5.2.0-300",
          "resolved": "https://registry.npmjs.org/@hmscore/hms-js-base/-/hms-js-base-5.2.0-300.tgz",
          "integrity": "sha512-b1SxWe75L6mL608iVGWFbAbB1udAuYCu9L1q/3zR/PatF4Yq3XYB+GuQYMu+wirAno0qqint6C/7Oq64vQV7Ag=="
        }
      }
    }
  }
}
