# THIS IS AN AUTOGENERATED FILE. DO NOT EDIT THIS FILE DIRECTLY.
# yarn lockfile v1


"@hmscore/hms-js-base@5.2.0-300":
  version "5.2.0-300"
  resolved "https://registry.yarnpkg.com/@hmscore/hms-js-base/-/hms-js-base-5.2.0-300.tgz#352a4735959b9f3b10dc76c9d5e6672f4a92a6ce"
  integrity sha512-b1SxWe75L6mL608iVGWFbAbB1udAuYCu9L1q/3zR/PatF4Yq3XYB+GuQYMu+wirAno0qqint6C/7Oq64vQV7Ag==

"@hmscore/hms-js-base@^6.1.0-300":
  version "6.1.0-300"
  resolved "https://registry.yarnpkg.com/@hmscore/hms-js-base/-/hms-js-base-6.1.0-300.tgz#fd67e078f033286cd7e280d4b4604f9b1ee2a487"
  integrity sha512-w2Be2oDYZS8myXazgvGtDFashYh6CoH1t1XaPiaMzFa6+o0x+HxNv8UceUARt7eBq6+H8/87N35qT5Y4I1v6HQ==

"@hmscore/hms-jsb-account@^1.0.300":
  version "1.0.300"
  resolved "https://registry.yarnpkg.com/@hmscore/hms-jsb-account/-/hms-jsb-account-1.0.300.tgz#e1a13f3477c3d63ef1bf0d7f0fae95fb640ab37f"
  integrity sha512-s0msCmMyOUd6sT1YOoOgghB9iujGKV5Gtfe9GVTPmUa/loEYebAVPMPGG1WxxaL3q0Q+rMuCM5t4p7q1GVZR7w==
  dependencies:
    "@hmscore/hms-js-base" "5.2.0-300"
